{
  "lib/aqua": {
    "rev": "9c5c42e5840e8741fba3597c48456c9510212b66"
  },
  "lib/chainlink-evm": {
    "rev": "b6427ea1f4847d640abdf24dbd6c6f01d7799d59"
  },
  "lib/forge-std": {
    "tag": {
      "name": "v1.16.2",
      "rev": "bf647bd6046f2f7da30d0c2bf435e5c76a780c1b"
    }
  },
  "lib/openzeppelin-contracts": {
    "tag": {
      "name": "v5.4.0",
      "rev": "c64a1edb67b6e3f4a15cca8909c9482ad33a02b0"
    }
  },
  "lib/solady": {
    "tag": {
      "name": "v0.1.26",
      "rev": "acd959aa4bd04720d640bf4e6a5c71037510cc4b"
    }
  },
  "lib/solidity-utils": {
    "tag": {
      "name": "6.9.10",
      "rev": "2d91bb67665467afc06907a69513b0fa66c46f0d"
    }
  },
  "lib/swap-vm": {
    "rev": "f09a41e689240adc645934f965c8061749397cd2"
  }
}